
Microsoft Visual Studio Solution File, Format Version 12.00
# Visual Studio Version 17
VisualStudioVersion = 17.13.35931.197 d17.13
MinimumVisualStudioVersion = 10.0.40219.1
Project("{FAE04EC0-301F-11D3-BF4B-00C04F79EFBC}") = "Ex03.GarageLogic", "Ex03.GarageLogic\Ex03.GarageLogic.csproj", "{C84C558F-A611-4EFB-A684-C9DDCDBC18F4}"
EndProject
Project("{FAE04EC0-301F-11D3-BF4B-00C04F79EFBC}") = "Ex03.ConsoleUI", "Ex03.ConsoleUI\Ex03.ConsoleUI.csproj", "{903BB120-F207-4DC5-9F7B-5FCE63E6C96C}"
EndProject
Global
	GlobalSection(SolutionConfigurationPlatforms) = preSolution
		Debug|Any CPU = Debug|Any CPU
		Release|Any CPU = Release|Any CPU
	EndGlobalSection
	GlobalSection(ProjectConfigurationPlatforms) = postSolution
		{C84C558F-A611-4EFB-A684-C9DDCDBC18F4}.Debug|Any CPU.ActiveCfg = Debug|Any CPU
		{C84C558F-A611-4EFB-A684-C9DDCDBC18F4}.Debug|Any CPU.Build.0 = Debug|Any CPU
		{C84C558F-A611-4EFB-A684-C9DDCDBC18F4}.Release|Any CPU.ActiveCfg = Release|Any CPU
		{C84C558F-A611-4EFB-A684-C9DDCDBC18F4}.Release|Any CPU.Build.0 = Release|Any CPU
		{903BB120-F207-4DC5-9F7B-5FCE63E6C96C}.Debug|Any CPU.ActiveCfg = Debug|Any CPU
		{903BB120-F207-4DC5-9F7B-5FCE63E6C96C}.Debug|Any CPU.Build.0 = Debug|Any CPU
		{903BB120-F207-4DC5-9F7B-5FCE63E6C96C}.Release|Any CPU.ActiveCfg = Release|Any CPU
		{903BB120-F207-4DC5-9F7B-5FCE63E6C96C}.Release|Any CPU.Build.0 = Release|Any CPU
	EndGlobalSection
	GlobalSection(SolutionProperties) = preSolution
		HideSolutionNode = FALSE
	EndGlobalSection
	GlobalSection(ExtensibilityGlobals) = postSolution
		SolutionGuid = {1D9F6621-88E9-45E5-8D1D-6DD537A75BC5}
	EndGlobalSection
EndGlobal
